
Microsoft Visual Studio Solution File, Format Version 12.00
# Visual Studio Version 17
VisualStudioVersion = 17.1.32210.238
MinimumVisualStudioVersion = 10.0.40219.1
Project("{FAE04EC0-301F-11D3-BF4B-00C04F79EFBC}") = "tic-tac-toe-ONLINE", "tic-tac-toe-ONLINE.csproj", "{9E4161F8-3FDF-4E87-9B6F-4729D6C38069}"
EndProject
Global
	GlobalSection(SolutionConfigurationPlatforms) = preSolution
		Debug|Any CPU = Debug|Any CPU
		Release|Any CPU = Release|Any CPU
	EndGlobalSection
	GlobalSection(ProjectConfigurationPlatforms) = postSolution
		{9E4161F8-3FDF-4E87-9B6F-4729D6C38069}.Debug|Any CPU.ActiveCfg = Debug|Any CPU
		{9E4161F8-3FDF-4E87-9B6F-4729D6C38069}.Debug|Any CPU.Build.0 = Debug|Any CPU
		{9E4161F8-3FDF-4E87-9B6F-4729D6C38069}.Release|Any CPU.ActiveCfg = Release|Any CPU
		{9E4161F8-3FDF-4E87-9B6F-4729D6C38069}.Release|Any CPU.Build.0 = Release|Any CPU
	EndGlobalSection
	GlobalSection(SolutionProperties) = preSolution
		HideSolutionNode = FALSE
	EndGlobalSection
	GlobalSection(ExtensibilityGlobals) = postSolution
		SolutionGuid = {75180A38-85F0-404B-B320-60B30FFF81AF}
	EndGlobalSection
EndGlobal
